{
  "name": "server",
  "lockfileVersion": 2,
  "requires": true,
  "packages": {
    "": {
      "dependencies": {
        "@types/cytoscape": "^3.19.2"
      }
    },
    "node_modules/@types/cytoscape": {
      "version": "3.19.2",
      "resolved": "https://registry.npmjs.org/@types/cytoscape/-/cytoscape-3.19.2.tgz",
      "integrity": "sha512-naM/VSuE9FVVmj4ef3FZDEiDltqvm7jnOnbnWDRWfGB4jN/9b2XfYnOGGK5i6E24AlN2mUR+tGTORYPPp5i3Qw=="
    }
  },
  "dependencies": {
    "@types/cytoscape": {
      "version": "3.19.2",
      "resolved": "https://registry.npmjs.org/@types/cytoscape/-/cytoscape-3.19.2.tgz",
      "integrity": "sha512-naM/VSuE9FVVmj4ef3FZDEiDltqvm7jnOnbnWDRWfGB4jN/9b2XfYnOGGK5i6E24AlN2mUR+tGTORYPPp5i3Qw=="
    }
  }
}
