[[package]]
name = "aiofiles"
version = "0.5.0"
description = "File support for asyncio."
category = "main"
optional = false
python-versions = "*"

[[package]]
name = "aiosqlite"
version = "0.15.0"
description = "asyncio bridge to the standard sqlite3 module"
category = "main"
optional = false
python-versions = ">=3.6"

[package.dependencies]
typing_extensions = "*"

[[package]]
name = "appdirs"
version = "1.4.4"
description = "A small Python module for determining appropriate platform-specific dirs, e.g. a \"user data dir\"."
category = "dev"
optional = false
python-versions = "*"

[[package]]
name = "attrs"
version = "20.2.0"
description = "Classes Without Boilerplate"
category = "dev"
optional = false
python-versions = ">=2.7, !=3.0.*, !=3.1.*, !=3.2.*, !=3.3.*"

[package.extras]
dev = ["coverage[toml] (>=5.0.2)", "hypothesis", "pympler", "pytest (>=4.3.0)", "six", "zope.interface", "sphinx", "sphinx-rtd-theme", "pre-commit"]
docs = ["sphinx", "sphinx-rtd-theme", "zope.interface"]
tests = ["coverage[toml] (>=5.0.2)", "hypothesis", "pympler", "pytest (>=4.3.0)", "six", "zope.interface"]
tests_no_zope = ["coverage[toml] (>=5.0.2)", "hypothesis", "pympler", "pytest (>=4.3.0)", "six"]

[[package]]
name = "black"
version = "19.10b0"
description = "The uncompromising code formatter."
category = "dev"
optional = false
python-versions = ">=3.6"

[package.dependencies]
appdirs = "*"
attrs = ">=18.1.0"
click = ">=6.5"
pathspec = ">=0.6,<1"
regex = "*"
toml = ">=0.9.4"
typed-ast = ">=1.4.0"

[package.extras]
d = ["aiohttp (>=3.3.2)", "aiohttp-cors"]

[[package]]
name = "click"
version = "7.1.2"
description = "Composable command line interface toolkit"
category = "main"
optional = false
python-versions = ">=2.7, !=3.0.*, !=3.1.*, !=3.2.*, !=3.3.*, !=3.4.*"

[[package]]
name = "colorama"
version = "0.4.4"
description = "Cross-platform colored terminal text."
category = "main"
optional = false
python-versions = ">=2.7, !=3.0.*, !=3.1.*, !=3.2.*, !=3.3.*, !=3.4.*"

[[package]]
name = "fastapi"
version = "0.61.1"
description = "FastAPI framework, high performance, easy to learn, fast to code, ready for production"
category = "main"
optional = false
python-versions = ">=3.6"

[package.dependencies]
pydantic = ">=1.0.0,<2.0.0"
starlette = "0.13.6"

[package.extras]
all = ["requests (>=2.24.0,<3.0.0)", "aiofiles (>=0.5.0,<0.6.0)", "jinja2 (>=2.11.2,<3.0.0)", "python-multipart (>=0.0.5,<0.0.6)", "itsdangerous (>=1.1.0,<2.0.0)", "pyyaml (>=5.3.1,<6.0.0)", "graphene (>=2.1.8,<3.0.0)", "ujson (>=3.0.0,<4.0.0)", "orjson (>=3.2.1,<4.0.0)", "email_validator (>=1.1.1,<2.0.0)", "uvicorn (>=0.11.5,<0.12.0)", "async_exit_stack (>=1.0.1,<2.0.0)", "async_generator (>=1.10,<2.0.0)"]
dev = ["python-jose[cryptography] (>=3.1.0,<4.0.0)", "passlib[bcrypt] (>=1.7.2,<2.0.0)", "autoflake (>=1.3.1,<2.0.0)", "flake8 (>=3.8.3,<4.0.0)", "uvicorn (>=0.11.5,<0.12.0)", "graphene (>=2.1.8,<3.0.0)"]
doc = ["mkdocs (>=1.1.2,<2.0.0)", "mkdocs-material (>=5.5.0,<6.0.0)", "markdown-include (>=0.5.1,<0.6.0)", "mkdocs-markdownextradata-plugin (>=0.1.7,<0.2.0)", "typer (>=0.3.0,<0.4.0)", "typer-cli (>=0.0.9,<0.0.10)", "pyyaml (>=5.3.1,<6.0.0)"]
test = ["pytest (5.4.3)", "pytest-cov (2.10.0)", "pytest-asyncio (>=0.14.0,<0.15.0)", "mypy (0.782)", "flake8 (>=3.8.3,<4.0.0)", "black (19.10b0)", "isort (>=5.0.6,<6.0.0)", "requests (>=2.24.0,<3.0.0)", "httpx (>=0.14.0,<0.15.0)", "email_validator (>=1.1.1,<2.0.0)", "sqlalchemy (>=1.3.18,<2.0.0)", "peewee (>=3.13.3,<4.0.0)", "databases[sqlite] (>=0.3.2,<0.4.0)", "orjson (>=3.2.1,<4.0.0)", "async_exit_stack (>=1.0.1,<2.0.0)", "async_generator (>=1.10,<2.0.0)", "python-multipart (>=0.0.5,<0.0.6)", "aiofiles (>=0.5.0,<0.6.0)", "flask (>=1.1.2,<2.0.0)"]

[[package]]
name = "h11"
version = "0.9.0"
description = "A pure-Python, bring-your-own-I/O implementation of HTTP/1.1"
category = "main"
optional = false
python-versions = "*"

[[package]]
name = "httptools"
version = "0.1.1"
description = "A collection of framework independent HTTP protocol utils."
category = "main"
optional = false
python-versions = "*"

[package.extras]
test = ["Cython (0.29.14)"]

[[package]]
name = "isort"
version = "5.6.4"
description = "A Python utility / library to sort Python imports."
category = "dev"
optional = false
python-versions = ">=3.6,<4.0"

[package.extras]
pipfile_deprecated_finder = ["pipreqs", "requirementslib"]
requirements_deprecated_finder = ["pipreqs", "pip-api"]
colors = ["colorama (>=0.4.3,<0.5.0)"]

[[package]]
name = "loguru"
version = "0.5.3"
description = "Python logging made (stupidly) simple"
category = "main"
optional = false
python-versions = ">=3.5"

[package.dependencies]
colorama = {version = ">=0.3.4", markers = "sys_platform == \"win32\""}
win32-setctime = {version = ">=1.0.0", markers = "sys_platform == \"win32\""}

[package.extras]
dev = ["codecov (>=2.0.15)", "colorama (>=0.3.4)", "flake8 (>=3.7.7)", "tox (>=3.9.0)", "tox-travis (>=0.12)", "pytest (>=4.6.2)", "pytest-cov (>=2.7.1)", "Sphinx (>=2.2.1)", "sphinx-autobuild (>=0.7.1)", "sphinx-rtd-theme (>=0.4.3)", "black (>=19.10b0)", "isort (>=5.1.1)"]

[[package]]
name = "neo4j"
version = "4.1.1"
description = "Neo4j Bolt driver for Python"
category = "main"
optional = false
python-versions = "*"

[package.dependencies]
pytz = "*"

[[package]]
name = "orjson"
version = "3.4.0"
description = "Fast, correct Python JSON library supporting dataclasses, datetimes, and numpy"
category = "main"
optional = false
python-versions = ">=3.6"

[[package]]
name = "pathspec"
version = "0.8.0"
description = "Utility library for gitignore style pattern matching of file paths."
category = "dev"
optional = false
python-versions = ">=2.7, !=3.0.*, !=3.1.*, !=3.2.*, !=3.3.*, !=3.4.*"

[[package]]
name = "pydantic"
version = "1.6.1"
description = "Data validation and settings management using python 3.6 type hinting"
category = "main"
optional = false
python-versions = ">=3.6"

[package.extras]
dotenv = ["python-dotenv (>=0.10.4)"]
email = ["email-validator (>=1.0.3)"]
typing_extensions = ["typing-extensions (>=3.7.2)"]

[[package]]
name = "python-multipart"
version = "0.0.5"
description = "A streaming multipart parser for Python"
category = "main"
optional = false
python-versions = "*"

[package.dependencies]
six = ">=1.4.0"

[[package]]
name = "pytz"
version = "2020.1"
description = "World timezone definitions, modern and historical"
category = "main"
optional = false
python-versions = "*"

[[package]]
name = "regex"
version = "2020.10.11"
description = "Alternative regular expression module, to replace re."
category = "dev"
optional = false
python-versions = "*"

[[package]]
name = "shiv"
version = "0.3.1"
description = "A command line utility for building fully self contained Python zipapps."
category = "main"
optional = false
python-versions = ">=3.6"

[package.dependencies]
click = ">=6.7,<7.0 || >7.0"

[[package]]
name = "six"
version = "1.15.0"
description = "Python 2 and 3 compatibility utilities"
category = "main"
optional = false
python-versions = ">=2.7, !=3.0.*, !=3.1.*, !=3.2.*"

[[package]]
name = "starlette"
version = "0.13.6"
description = "The little ASGI library that shines."
category = "main"
optional = false
python-versions = ">=3.6"

[package.extras]
full = ["aiofiles", "graphene", "itsdangerous", "jinja2", "python-multipart", "pyyaml", "requests", "ujson"]

[[package]]
name = "toml"
version = "0.10.1"
description = "Python Library for Tom's Obvious, Minimal Language"
category = "dev"
optional = false
python-versions = "*"

[[package]]
name = "typed-ast"
version = "1.4.1"
description = "a fork of Python 2 and 3 ast modules with type comment support"
category = "dev"
optional = false
python-versions = "*"

[[package]]
name = "typing-extensions"
version = "3.7.4.3"
description = "Backported and Experimental Type Hints for Python 3.5+"
category = "main"
optional = false
python-versions = "*"

[[package]]
name = "uvicorn"
version = "0.11.8"
description = "The lightning-fast ASGI server."
category = "main"
optional = false
python-versions = "*"

[package.dependencies]
click = ">=7.0.0,<8.0.0"
h11 = ">=0.8,<0.10"
httptools = {version = ">=0.1.0,<0.2.0", markers = "sys_platform != \"win32\" and sys_platform != \"cygwin\" and platform_python_implementation != \"PyPy\""}
uvloop = {version = ">=0.14.0", markers = "sys_platform != \"win32\" and sys_platform != \"cygwin\" and platform_python_implementation != \"PyPy\""}
websockets = ">=8.0.0,<9.0.0"

[package.extras]
watchgodreload = ["watchgod (>=0.6,<0.7)"]

[[package]]
name = "uvloop"
version = "0.14.0"
description = "Fast implementation of asyncio event loop on top of libuv"
category = "main"
optional = false
python-versions = "*"

[[package]]
name = "websockets"
version = "8.1"
description = "An implementation of the WebSocket Protocol (RFC 6455 & 7692)"
category = "main"
optional = false
python-versions = ">=3.6.1"

[[package]]
name = "win32-setctime"
version = "1.0.3"
description = "A small Python utility to set file creation time on Windows"
category = "main"
optional = false
python-versions = ">=3.5"

[package.extras]
dev = ["pytest (>=4.6.2)", "black (>=19.3b0)"]

[metadata]
lock-version = "1.1"
python-versions = "^3.8"
content-hash = "eb172975f08513c0989570c9c394de2655039b646a997201c2f07c2ef191297f"

[metadata.files]
aiofiles = [
    {file = "aiofiles-0.5.0-py3-none-any.whl", hash = "sha256:377fdf7815cc611870c59cbd07b68b180841d2a2b79812d8c218be02448c2acb"},
    {file = "aiofiles-0.5.0.tar.gz", hash = "sha256:98e6bcfd1b50f97db4980e182ddd509b7cc35909e903a8fe50d8849e02d815af"},
]
aiosqlite = [
    {file = "aiosqlite-0.15.0-py3-none-any.whl", hash = "sha256:19b984b6702aed9f1c85c023f37296954547fc4030dae8e9d027b2a930bed78b"},
    {file = "aiosqlite-0.15.0.tar.gz", hash = "sha256:a2884793f4dc8f2798d90e1dfecb2b56a6d479cf039f7ec52356a7fd5f3bdc57"},
]
appdirs = [
    {file = "appdirs-1.4.4-py2.py3-none-any.whl", hash = "sha256:a841dacd6b99318a741b166adb07e19ee71a274450e68237b4650ca1055ab128"},
    {file = "appdirs-1.4.4.tar.gz", hash = "sha256:7d5d0167b2b1ba821647616af46a749d1c653740dd0d2415100fe26e27afdf41"},
]
attrs = [
    {file = "attrs-20.2.0-py2.py3-none-any.whl", hash = "sha256:fce7fc47dfc976152e82d53ff92fa0407700c21acd20886a13777a0d20e655dc"},
    {file = "attrs-20.2.0.tar.gz", hash = "sha256:26b54ddbbb9ee1d34d5d3668dd37d6cf74990ab23c828c2888dccdceee395594"},
]
black = [
    {file = "black-19.10b0-py36-none-any.whl", hash = "sha256:1b30e59be925fafc1ee4565e5e08abef6b03fe455102883820fe5ee2e4734e0b"},
    {file = "black-19.10b0.tar.gz", hash = "sha256:c2edb73a08e9e0e6f65a0e6af18b059b8b1cdd5bef997d7a0b181df93dc81539"},
]
click = [
    {file = "click-7.1.2-py2.py3-none-any.whl", hash = "sha256:dacca89f4bfadd5de3d7489b7c8a566eee0d3676333fbb50030263894c38c0dc"},
    {file = "click-7.1.2.tar.gz", hash = "sha256:d2b5255c7c6349bc1bd1e59e08cd12acbbd63ce649f2588755783aa94dfb6b1a"},
]
colorama = [
    {file = "colorama-0.4.4-py2.py3-none-any.whl", hash = "sha256:9f47eda37229f68eee03b24b9748937c7dc3868f906e8ba69fbcbdd3bc5dc3e2"},
]
fastapi = [
    {file = "fastapi-0.61.1-py3-none-any.whl", hash = "sha256:6cc31bb555dd8ca956d1d227477d661e4ac012337242a41d36214ffbda78bfe9"},
    {file = "fastapi-0.61.1.tar.gz", hash = "sha256:61ed73b4304413a2ea618d1b95ea866ee386e0e62dd8659c4f5059286f4a39c2"},
]
h11 = [
    {file = "h11-0.9.0-py2.py3-none-any.whl", hash = "sha256:4bc6d6a1238b7615b266ada57e0618568066f57dd6fa967d1290ec9309b2f2f1"},
    {file = "h11-0.9.0.tar.gz", hash = "sha256:33d4bca7be0fa039f4e84d50ab00531047e53d6ee8ffbc83501ea602c169cae1"},
]
httptools = [
    {file = "httptools-0.1.1-cp35-cp35m-macosx_10_13_x86_64.whl", hash = "sha256:a2719e1d7a84bb131c4f1e0cb79705034b48de6ae486eb5297a139d6a3296dce"},
    {file = "httptools-0.1.1-cp35-cp35m-manylinux1_x86_64.whl", hash = "sha256:fa3cd71e31436911a44620473e873a256851e1f53dee56669dae403ba41756a4"},
    {file = "httptools-0.1.1-cp36-cp36m-macosx_10_13_x86_64.whl", hash = "sha256:86c6acd66765a934e8730bf0e9dfaac6fdcf2a4334212bd4a0a1c78f16475ca6"},
    {file = "httptools-0.1.1-cp36-cp36m-manylinux1_x86_64.whl", hash = "sha256:bc3114b9edbca5a1eb7ae7db698c669eb53eb8afbbebdde116c174925260849c"},
    {file = "httptools-0.1.1-cp36-cp36m-win_amd64.whl", hash = "sha256:ac0aa11e99454b6a66989aa2d44bca41d4e0f968e395a0a8f164b401fefe359a"},
    {file = "httptools-0.1.1-cp37-cp37m-macosx_10_13_x86_64.whl", hash = "sha256:96da81e1992be8ac2fd5597bf0283d832287e20cb3cfde8996d2b00356d4e17f"},
    {file = "httptools-0.1.1-cp37-cp37m-manylinux1_x86_64.whl", hash = "sha256:56b6393c6ac7abe632f2294da53f30d279130a92e8ae39d8d14ee2e1b05ad1f2"},
    {file = "httptools-0.1.1-cp37-cp37m-win_amd64.whl", hash = "sha256:96eb359252aeed57ea5c7b3d79839aaa0382c9d3149f7d24dd7172b1bcecb009"},
    {file = "httptools-0.1.1-cp38-cp38-macosx_10_13_x86_64.whl", hash = "sha256:fea04e126014169384dee76a153d4573d90d0cbd1d12185da089f73c78390437"},
    {file = "httptools-0.1.1-cp38-cp38-manylinux1_x86_64.whl", hash = "sha256:3592e854424ec94bd17dc3e0c96a64e459ec4147e6d53c0a42d0ebcef9cb9c5d"},
    {file = "httptools-0.1.1-cp38-cp38-win_amd64.whl", hash = "sha256:0a4b1b2012b28e68306575ad14ad5e9120b34fccd02a81eb08838d7e3bbb48be"},
    {file = "httptools-0.1.1.tar.gz", hash = "sha256:41b573cf33f64a8f8f3400d0a7faf48e1888582b6f6e02b82b9bd4f0bf7497ce"},
]
isort = [
    {file = "isort-5.6.4-py3-none-any.whl", hash = "sha256:dcab1d98b469a12a1a624ead220584391648790275560e1a43e54c5dceae65e7"},
    {file = "isort-5.6.4.tar.gz", hash = "sha256:dcaeec1b5f0eca77faea2a35ab790b4f3680ff75590bfcb7145986905aab2f58"},
]
loguru = [
    {file = "loguru-0.5.3-py3-none-any.whl", hash = "sha256:f8087ac396b5ee5f67c963b495d615ebbceac2796379599820e324419d53667c"},
    {file = "loguru-0.5.3.tar.gz", hash = "sha256:b28e72ac7a98be3d28ad28570299a393dfcd32e5e3f6a353dec94675767b6319"},
]
neo4j = [
    {file = "neo4j-4.1.1.tar.gz", hash = "sha256:b19efd8949adfd6330537bd97b2d0df88e4074b741f7db4c05427498915886ec"},
]
orjson = [
    {file = "orjson-3.4.0-cp36-cp36m-macosx_10_7_x86_64.whl", hash = "sha256:5b7db73d295d75a25c4f3a120e141d182cbcbb240d07c1b006655269bb802508"},
    {file = "orjson-3.4.0-cp36-cp36m-manylinux2014_aarch64.whl", hash = "sha256:4fc25cd9f81de2b6e55fa7e5563973a1d47c05c86fbaf9124b1b74a08df65929"},
    {file = "orjson-3.4.0-cp36-cp36m-manylinux2014_x86_64.whl", hash = "sha256:e7c2920f66ee994cef285e93b81bee08935803b4f322bee77d0353a33746f778"},
    {file = "orjson-3.4.0-cp36-none-win_amd64.whl", hash = "sha256:24dd09562ec383ddd77e9f82b9d604ea3a300643b2fd5beaf9a0b21d77e52be2"},
    {file = "orjson-3.4.0-cp37-cp37m-macosx_10_7_x86_64.whl", hash = "sha256:86c005a10b626e1be5392a439774cf79f920a6e90f49dcd708aa6adc0c2f3fb3"},
    {file = "orjson-3.4.0-cp37-cp37m-manylinux2014_aarch64.whl", hash = "sha256:b326c47e19c939ee770c377d72d7595eefc21bf3b08864fcb82f46d433a0069f"},
    {file = "orjson-3.4.0-cp37-cp37m-manylinux2014_x86_64.whl", hash = "sha256:fd1bf6ab3b12020531a153e77d8468d7febf0efa6e36a64a06e08e5c02d2d707"},
    {file = "orjson-3.4.0-cp37-none-win_amd64.whl", hash = "sha256:132766446e6ff0ad9d13cd550cfc15d078ca3d2c6d5277517897da91d12e39df"},
    {file = "orjson-3.4.0-cp38-cp38-macosx_10_7_x86_64.whl", hash = "sha256:48238a0a2696c4f082d5432802064b4a63849cce3fc81ea80d9517f5cfeda138"},
    {file = "orjson-3.4.0-cp38-cp38-manylinux2014_aarch64.whl", hash = "sha256:ec84a7c0703fab8b4feecac19a5fb92156ae402fc8952a961ecbf1cdac1ef5c0"},
    {file = "orjson-3.4.0-cp38-cp38-manylinux2014_x86_64.whl", hash = "sha256:5ed087b0de8c8fad29d0b776d5c3287644271159e85efe2fbd745ebc0cb81697"},
    {file = "orjson-3.4.0-cp38-none-win_amd64.whl", hash = "sha256:af526fa8f4e4ac6ba953bf50bb384928a7d4a2849180c21593cdd3e08060f8ca"},
    {file = "orjson-3.4.0-cp39-cp39-manylinux2014_aarch64.whl", hash = "sha256:4a757ee2154b09631d272e63bd35c549f876ce5425dd154446dff0e1ef603429"},
    {file = "orjson-3.4.0-cp39-cp39-manylinux2014_x86_64.whl", hash = "sha256:1e957d1ab0ea3e4a4706cfa8f00a3a672dda7959607c231b6acb0b15ce35d52e"},
    {file = "orjson-3.4.0.tar.gz", hash = "sha256:2dcfc744cad7dceee7fca55ebdca91cc79e14223acc76423f0f4017e7a2676c9"},
]
pathspec = [
    {file = "pathspec-0.8.0-py2.py3-none-any.whl", hash = "sha256:7d91249d21749788d07a2d0f94147accd8f845507400749ea19c1ec9054a12b0"},
    {file = "pathspec-0.8.0.tar.gz", hash = "sha256:da45173eb3a6f2a5a487efba21f050af2b41948be6ab52b6a1e3ff22bb8b7061"},
]
pydantic = [
    {file = "pydantic-1.6.1-cp36-cp36m-macosx_10_9_x86_64.whl", hash = "sha256:418b84654b60e44c0cdd5384294b0e4bc1ebf42d6e873819424f3b78b8690614"},
    {file = "pydantic-1.6.1-cp36-cp36m-manylinux1_i686.whl", hash = "sha256:4900b8820b687c9a3ed753684337979574df20e6ebe4227381d04b3c3c628f99"},
    {file = "pydantic-1.6.1-cp36-cp36m-manylinux2014_i686.whl", hash = "sha256:b49c86aecde15cde33835d5d6360e55f5e0067bb7143a8303bf03b872935c75b"},
    {file = "pydantic-1.6.1-cp36-cp36m-manylinux2014_x86_64.whl", hash = "sha256:2de562a456c4ecdc80cf1a8c3e70c666625f7d02d89a6174ecf63754c734592e"},
    {file = "pydantic-1.6.1-cp36-cp36m-win_amd64.whl", hash = "sha256:f769141ab0abfadf3305d4fcf36660e5cf568a666dd3efab7c3d4782f70946b1"},
    {file = "pydantic-1.6.1-cp37-cp37m-macosx_10_9_x86_64.whl", hash = "sha256:2dc946b07cf24bee4737ced0ae77e2ea6bc97489ba5a035b603bd1b40ad81f7e"},
    {file = "pydantic-1.6.1-cp37-cp37m-manylinux1_i686.whl", hash = "sha256:36dbf6f1be212ab37b5fda07667461a9219c956181aa5570a00edfb0acdfe4a1"},
    {file = "pydantic-1.6.1-cp37-cp37m-manylinux2014_i686.whl", hash = "sha256:1783c1d927f9e1366e0e0609ae324039b2479a1a282a98ed6a6836c9ed02002c"},
    {file = "pydantic-1.6.1-cp37-cp37m-manylinux2014_x86_64.whl", hash = "sha256:cf3933c98cb5e808b62fae509f74f209730b180b1e3c3954ee3f7949e083a7df"},
    {file = "pydantic-1.6.1-cp37-cp37m-win_amd64.whl", hash = "sha256:f8af9b840a9074e08c0e6dc93101de84ba95df89b267bf7151d74c553d66833b"},
    {file = "pydantic-1.6.1-cp38-cp38-macosx_10_9_x86_64.whl", hash = "sha256:40d765fa2d31d5be8e29c1794657ad46f5ee583a565c83cea56630d3ae5878b9"},
    {file = "pydantic-1.6.1-cp38-cp38-manylinux1_i686.whl", hash = "sha256:3fa799f3cfff3e5f536cbd389368fc96a44bb30308f258c94ee76b73bd60531d"},
    {file = "pydantic-1.6.1-cp38-cp38-manylinux2014_i686.whl", hash = "sha256:6c3f162ba175678218629f446a947e3356415b6b09122dcb364e58c442c645a7"},
    {file = "pydantic-1.6.1-cp38-cp38-manylinux2014_x86_64.whl", hash = "sha256:eb75dc1809875d5738df14b6566ccf9fd9c0bcde4f36b72870f318f16b9f5c20"},
    {file = "pydantic-1.6.1-cp38-cp38-win_amd64.whl", hash = "sha256:530d7222a2786a97bc59ee0e0ebbe23728f82974b1f1ad9a11cd966143410633"},
    {file = "pydantic-1.6.1-py36.py37.py38-none-any.whl", hash = "sha256:b5b3489cb303d0f41ad4a7390cf606a5f2c7a94dcba20c051cd1c653694cb14d"},
    {file = "pydantic-1.6.1.tar.gz", hash = "sha256:54122a8ed6b75fe1dd80797f8251ad2063ea348a03b77218d73ea9fe19bd4e73"},
]
python-multipart = [
    {file = "python-multipart-0.0.5.tar.gz", hash = "sha256:f7bb5f611fc600d15fa47b3974c8aa16e93724513b49b5f95c81e6624c83fa43"},
]
pytz = [
    {file = "pytz-2020.1-py2.py3-none-any.whl", hash = "sha256:a494d53b6d39c3c6e44c3bec237336e14305e4f29bbf800b599253057fbb79ed"},
    {file = "pytz-2020.1.tar.gz", hash = "sha256:c35965d010ce31b23eeb663ed3cc8c906275d6be1a34393a1d73a41febf4a048"},
]
regex = [
    {file = "regex-2020.10.11-cp27-cp27m-win32.whl", hash = "sha256:4f5c0fe46fb79a7adf766b365cae56cafbf352c27358fda811e4a1dc8216d0db"},
    {file = "regex-2020.10.11-cp27-cp27m-win_amd64.whl", hash = "sha256:39a5ef30bca911f5a8a3d4476f5713ed4d66e313d9fb6755b32bec8a2e519635"},
    {file = "regex-2020.10.11-cp36-cp36m-manylinux1_i686.whl", hash = "sha256:7c4fc5a8ec91a2254bb459db27dbd9e16bba1dabff638f425d736888d34aaefa"},
    {file = "regex-2020.10.11-cp36-cp36m-manylinux1_x86_64.whl", hash = "sha256:d537e270b3e6bfaea4f49eaf267984bfb3628c86670e9ad2a257358d3b8f0955"},
    {file = "regex-2020.10.11-cp36-cp36m-manylinux2010_i686.whl", hash = "sha256:a8240df4957a5b0e641998a5d78b3c4ea762c845d8cb8997bf820626826fde9a"},
    {file = "regex-2020.10.11-cp36-cp36m-manylinux2010_x86_64.whl", hash = "sha256:4302153abb96859beb2c778cc4662607a34175065fc2f33a21f49eb3fbd1ccd3"},
    {file = "regex-2020.10.11-cp36-cp36m-win32.whl", hash = "sha256:c077c9d04a040dba001cf62b3aff08fd85be86bccf2c51a770c77377662a2d55"},
    {file = "regex-2020.10.11-cp36-cp36m-win_amd64.whl", hash = "sha256:46ab6070b0d2cb85700b8863b3f5504c7f75d8af44289e9562195fe02a8dd72d"},
    {file = "regex-2020.10.11-cp37-cp37m-manylinux1_i686.whl", hash = "sha256:d629d750ebe75a88184db98f759633b0a7772c2e6f4da529f0027b4a402c0e2f"},
    {file = "regex-2020.10.11-cp37-cp37m-manylinux1_x86_64.whl", hash = "sha256:8e7ef296b84d44425760fe813cabd7afbb48c8dd62023018b338bbd9d7d6f2f0"},
    {file = "regex-2020.10.11-cp37-cp37m-manylinux2010_i686.whl", hash = "sha256:e490f08897cb44e54bddf5c6e27deca9b58c4076849f32aaa7a0b9f1730f2c20"},
    {file = "regex-2020.10.11-cp37-cp37m-manylinux2010_x86_64.whl", hash = "sha256:850339226aa4fec04916386577674bb9d69abe0048f5d1a99f91b0004bfdcc01"},
    {file = "regex-2020.10.11-cp37-cp37m-win32.whl", hash = "sha256:60c4f64d9a326fe48e8738c3dbc068e1edc41ff7895a9e3723840deec4bc1c28"},
    {file = "regex-2020.10.11-cp37-cp37m-win_amd64.whl", hash = "sha256:8ba3efdd60bfee1aa784dbcea175eb442d059b576934c9d099e381e5a9f48930"},
    {file = "regex-2020.10.11-cp38-cp38-manylinux1_i686.whl", hash = "sha256:2308491b3e6c530a3bb38a8a4bb1dc5fd32cbf1e11ca623f2172ba17a81acef1"},
    {file = "regex-2020.10.11-cp38-cp38-manylinux1_x86_64.whl", hash = "sha256:b8806649983a1c78874ec7e04393ef076805740f6319e87a56f91f1767960212"},
    {file = "regex-2020.10.11-cp38-cp38-manylinux2010_i686.whl", hash = "sha256:a2a31ee8a354fa3036d12804730e1e20d58bc4e250365ead34b9c30bbe9908c3"},
    {file = "regex-2020.10.11-cp38-cp38-manylinux2010_x86_64.whl", hash = "sha256:d9d53518eeed12190744d366ec4a3f39b99d7daa705abca95f87dd8b442df4ad"},
    {file = "regex-2020.10.11-cp38-cp38-win32.whl", hash = "sha256:3d5a8d007116021cf65355ada47bf405656c4b3b9a988493d26688275fde1f1c"},
    {file = "regex-2020.10.11-cp38-cp38-win_amd64.whl", hash = "sha256:f579caecbbca291b0fcc7d473664c8c08635da2f9b1567c22ea32311c86ef68c"},
    {file = "regex-2020.10.11-cp39-cp39-manylinux1_i686.whl", hash = "sha256:8c8c42aa5d3ac9a49829c4b28a81bebfa0378996f9e0ca5b5ab8a36870c3e5ee"},
    {file = "regex-2020.10.11-cp39-cp39-manylinux1_x86_64.whl", hash = "sha256:c529ba90c1775697a65b46c83d47a2d3de70f24d96da5d41d05a761c73b063af"},
    {file = "regex-2020.10.11-cp39-cp39-manylinux2010_i686.whl", hash = "sha256:6cf527ec2f3565248408b61dd36e380d799c2a1047eab04e13a2b0c15dd9c767"},
    {file = "regex-2020.10.11-cp39-cp39-manylinux2010_x86_64.whl", hash = "sha256:671c51d352cfb146e48baee82b1ee8d6ffe357c292f5e13300cdc5c00867ebfc"},
    {file = "regex-2020.10.11-cp39-cp39-win32.whl", hash = "sha256:a63907332531a499b8cdfd18953febb5a4c525e9e7ca4ac147423b917244b260"},
    {file = "regex-2020.10.11-cp39-cp39-win_amd64.whl", hash = "sha256:1a16afbfadaadc1397353f9b32e19a65dc1d1804c80ad73a14f435348ca017ad"},
    {file = "regex-2020.10.11.tar.gz", hash = "sha256:463e770c48da76a8da82b8d4a48a541f314e0df91cbb6d873a341dbe578efafd"},
]
shiv = [
    {file = "shiv-0.3.1-py2.py3-none-any.whl", hash = "sha256:950909f3ddf3fcbbab12e2a9cd661b7b34d7ce5a661ada02780c5985f8d3081e"},
    {file = "shiv-0.3.1.tar.gz", hash = "sha256:30d62f3ed2f0956574ded93b75075fe1336b291dfc044d200a4fbe54898c01d4"},
]
six = [
    {file = "six-1.15.0-py2.py3-none-any.whl", hash = "sha256:8b74bedcbbbaca38ff6d7491d76f2b06b3592611af620f8426e82dddb04a5ced"},
    {file = "six-1.15.0.tar.gz", hash = "sha256:30639c035cdb23534cd4aa2dd52c3bf48f06e5f4a941509c8bafd8ce11080259"},
]
starlette = [
    {file = "starlette-0.13.6-py3-none-any.whl", hash = "sha256:bd2ffe5e37fb75d014728511f8e68ebf2c80b0fa3d04ca1479f4dc752ae31ac9"},
    {file = "starlette-0.13.6.tar.gz", hash = "sha256:ebe8ee08d9be96a3c9f31b2cb2a24dbdf845247b745664bd8a3f9bd0c977fdbc"},
]
toml = [
    {file = "toml-0.10.1-py2.py3-none-any.whl", hash = "sha256:bda89d5935c2eac546d648028b9901107a595863cb36bae0c73ac804a9b4ce88"},
    {file = "toml-0.10.1.tar.gz", hash = "sha256:926b612be1e5ce0634a2ca03470f95169cf16f939018233a670519cb4ac58b0f"},
]
typed-ast = [
    {file = "typed_ast-1.4.1-cp35-cp35m-manylinux1_i686.whl", hash = "sha256:73d785a950fc82dd2a25897d525d003f6378d1cb23ab305578394694202a58c3"},
    {file = "typed_ast-1.4.1-cp35-cp35m-manylinux1_x86_64.whl", hash = "sha256:aaee9905aee35ba5905cfb3c62f3e83b3bec7b39413f0a7f19be4e547ea01ebb"},
    {file = "typed_ast-1.4.1-cp35-cp35m-win32.whl", hash = "sha256:0c2c07682d61a629b68433afb159376e24e5b2fd4641d35424e462169c0a7919"},
    {file = "typed_ast-1.4.1-cp35-cp35m-win_amd64.whl", hash = "sha256:4083861b0aa07990b619bd7ddc365eb7fa4b817e99cf5f8d9cf21a42780f6e01"},
    {file = "typed_ast-1.4.1-cp36-cp36m-macosx_10_9_x86_64.whl", hash = "sha256:269151951236b0f9a6f04015a9004084a5ab0d5f19b57de779f908621e7d8b75"},
    {file = "typed_ast-1.4.1-cp36-cp36m-manylinux1_i686.whl", hash = "sha256:24995c843eb0ad11a4527b026b4dde3da70e1f2d8806c99b7b4a7cf491612652"},
    {file = "typed_ast-1.4.1-cp36-cp36m-manylinux1_x86_64.whl", hash = "sha256:fe460b922ec15dd205595c9b5b99e2f056fd98ae8f9f56b888e7a17dc2b757e7"},
    {file = "typed_ast-1.4.1-cp36-cp36m-win32.whl", hash = "sha256:4e3e5da80ccbebfff202a67bf900d081906c358ccc3d5e3c8aea42fdfdfd51c1"},
    {file = "typed_ast-1.4.1-cp36-cp36m-win_amd64.whl", hash = "sha256:249862707802d40f7f29f6e1aad8d84b5aa9e44552d2cc17384b209f091276aa"},
    {file = "typed_ast-1.4.1-cp37-cp37m-macosx_10_9_x86_64.whl", hash = "sha256:8ce678dbaf790dbdb3eba24056d5364fb45944f33553dd5869b7580cdbb83614"},
    {file = "typed_ast-1.4.1-cp37-cp37m-manylinux1_i686.whl", hash = "sha256:c9e348e02e4d2b4a8b2eedb48210430658df6951fa484e59de33ff773fbd4b41"},
    {file = "typed_ast-1.4.1-cp37-cp37m-manylinux1_x86_64.whl", hash = "sha256:bcd3b13b56ea479b3650b82cabd6b5343a625b0ced5429e4ccad28a8973f301b"},
    {file = "typed_ast-1.4.1-cp37-cp37m-win32.whl", hash = "sha256:d5d33e9e7af3b34a40dc05f498939f0ebf187f07c385fd58d591c533ad8562fe"},
    {file = "typed_ast-1.4.1-cp37-cp37m-win_amd64.whl", hash = "sha256:0666aa36131496aed8f7be0410ff974562ab7eeac11ef351def9ea6fa28f6355"},
    {file = "typed_ast-1.4.1-cp38-cp38-macosx_10_15_x86_64.whl", hash = "sha256:d205b1b46085271b4e15f670058ce182bd1199e56b317bf2ec004b6a44f911f6"},
    {file = "typed_ast-1.4.1-cp38-cp38-manylinux1_i686.whl", hash = "sha256:6daac9731f172c2a22ade6ed0c00197ee7cc1221aa84cfdf9c31defeb059a907"},
    {file = "typed_ast-1.4.1-cp38-cp38-manylinux1_x86_64.whl", hash = "sha256:498b0f36cc7054c1fead3d7fc59d2150f4d5c6c56ba7fb150c013fbc683a8d2d"},
    {file = "typed_ast-1.4.1-cp38-cp38-win32.whl", hash = "sha256:715ff2f2df46121071622063fc7543d9b1fd19ebfc4f5c8895af64a77a8c852c"},
    {file = "typed_ast-1.4.1-cp38-cp38-win_amd64.whl", hash = "sha256:fc0fea399acb12edbf8a628ba8d2312f583bdbdb3335635db062fa98cf71fca4"},
    {file = "typed_ast-1.4.1-cp39-cp39-macosx_10_15_x86_64.whl", hash = "sha256:d43943ef777f9a1c42bf4e552ba23ac77a6351de620aa9acf64ad54933ad4d34"},
    {file = "typed_ast-1.4.1.tar.gz", hash = "sha256:8c8aaad94455178e3187ab22c8b01a3837f8ee50e09cf31f1ba129eb293ec30b"},
]
typing-extensions = [
    {file = "typing_extensions-3.7.4.3-py2-none-any.whl", hash = "sha256:dafc7639cde7f1b6e1acc0f457842a83e722ccca8eef5270af2d74792619a89f"},
    {file = "typing_extensions-3.7.4.3-py3-none-any.whl", hash = "sha256:7cb407020f00f7bfc3cb3e7881628838e69d8f3fcab2f64742a5e76b2f841918"},
    {file = "typing_extensions-3.7.4.3.tar.gz", hash = "sha256:99d4073b617d30288f569d3f13d2bd7548c3a7e4c8de87db09a9d29bb3a4a60c"},
]
uvicorn = [
    {file = "uvicorn-0.11.8-py3-none-any.whl", hash = "sha256:4b70ddb4c1946e39db9f3082d53e323dfd50634b95fd83625d778729ef1730ef"},
    {file = "uvicorn-0.11.8.tar.gz", hash = "sha256:46a83e371f37ea7ff29577d00015f02c942410288fb57def6440f2653fff1d26"},
]
uvloop = [
    {file = "uvloop-0.14.0-cp35-cp35m-macosx_10_11_x86_64.whl", hash = "sha256:08b109f0213af392150e2fe6f81d33261bb5ce968a288eb698aad4f46eb711bd"},
    {file = "uvloop-0.14.0-cp35-cp35m-manylinux2010_x86_64.whl", hash = "sha256:4544dcf77d74f3a84f03dd6278174575c44c67d7165d4c42c71db3fdc3860726"},
    {file = "uvloop-0.14.0-cp36-cp36m-macosx_10_11_x86_64.whl", hash = "sha256:b4f591aa4b3fa7f32fb51e2ee9fea1b495eb75b0b3c8d0ca52514ad675ae63f7"},
    {file = "uvloop-0.14.0-cp36-cp36m-manylinux2010_x86_64.whl", hash = "sha256:f07909cd9fc08c52d294b1570bba92186181ca01fe3dc9ffba68955273dd7362"},
    {file = "uvloop-0.14.0-cp37-cp37m-macosx_10_11_x86_64.whl", hash = "sha256:afd5513c0ae414ec71d24f6f123614a80f3d27ca655a4fcf6cabe50994cc1891"},
    {file = "uvloop-0.14.0-cp37-cp37m-manylinux2010_x86_64.whl", hash = "sha256:e7514d7a48c063226b7d06617cbb12a14278d4323a065a8d46a7962686ce2e95"},
    {file = "uvloop-0.14.0-cp38-cp38-macosx_10_11_x86_64.whl", hash = "sha256:bcac356d62edd330080aed082e78d4b580ff260a677508718f88016333e2c9c5"},
    {file = "uvloop-0.14.0-cp38-cp38-manylinux2010_x86_64.whl", hash = "sha256:4315d2ec3ca393dd5bc0b0089d23101276778c304d42faff5dc4579cb6caef09"},
    {file = "uvloop-0.14.0.tar.gz", hash = "sha256:123ac9c0c7dd71464f58f1b4ee0bbd81285d96cdda8bc3519281b8973e3a461e"},
]
websockets = [
    {file = "websockets-8.1-cp36-cp36m-macosx_10_6_intel.whl", hash = "sha256:3762791ab8b38948f0c4d281c8b2ddfa99b7e510e46bd8dfa942a5fff621068c"},
    {file = "websockets-8.1-cp36-cp36m-manylinux1_i686.whl", hash = "sha256:3db87421956f1b0779a7564915875ba774295cc86e81bc671631379371af1170"},
    {file = "websockets-8.1-cp36-cp36m-manylinux1_x86_64.whl", hash = "sha256:4f9f7d28ce1d8f1295717c2c25b732c2bc0645db3215cf757551c392177d7cb8"},
    {file = "websockets-8.1-cp36-cp36m-manylinux2010_i686.whl", hash = "sha256:295359a2cc78736737dd88c343cd0747546b2174b5e1adc223824bcaf3e164cb"},
    {file = "websockets-8.1-cp36-cp36m-manylinux2010_x86_64.whl", hash = "sha256:1d3f1bf059d04a4e0eb4985a887d49195e15ebabc42364f4eb564b1d065793f5"},
    {file = "websockets-8.1-cp36-cp36m-win32.whl", hash = "sha256:2db62a9142e88535038a6bcfea70ef9447696ea77891aebb730a333a51ed559a"},
    {file = "websockets-8.1-cp36-cp36m-win_amd64.whl", hash = "sha256:0e4fb4de42701340bd2353bb2eee45314651caa6ccee80dbd5f5d5978888fed5"},
    {file = "websockets-8.1-cp37-cp37m-macosx_10_6_intel.whl", hash = "sha256:9b248ba3dd8a03b1a10b19efe7d4f7fa41d158fdaa95e2cf65af5a7b95a4f989"},
    {file = "websockets-8.1-cp37-cp37m-manylinux1_i686.whl", hash = "sha256:ce85b06a10fc65e6143518b96d3dca27b081a740bae261c2fb20375801a9d56d"},
    {file = "websockets-8.1-cp37-cp37m-manylinux1_x86_64.whl", hash = "sha256:965889d9f0e2a75edd81a07592d0ced54daa5b0785f57dc429c378edbcffe779"},
    {file = "websockets-8.1-cp37-cp37m-manylinux2010_i686.whl", hash = "sha256:751a556205d8245ff94aeef23546a1113b1dd4f6e4d102ded66c39b99c2ce6c8"},
    {file = "websockets-8.1-cp37-cp37m-manylinux2010_x86_64.whl", hash = "sha256:3ef56fcc7b1ff90de46ccd5a687bbd13a3180132268c4254fc0fa44ecf4fc422"},
    {file = "websockets-8.1-cp37-cp37m-win32.whl", hash = "sha256:7ff46d441db78241f4c6c27b3868c9ae71473fe03341340d2dfdbe8d79310acc"},
    {file = "websockets-8.1-cp37-cp37m-win_amd64.whl", hash = "sha256:20891f0dddade307ffddf593c733a3fdb6b83e6f9eef85908113e628fa5a8308"},
    {file = "websockets-8.1-cp38-cp38-macosx_10_9_x86_64.whl", hash = "sha256:c1ec8db4fac31850286b7cd3b9c0e1b944204668b8eb721674916d4e28744092"},
    {file = "websockets-8.1-cp38-cp38-manylinux1_i686.whl", hash = "sha256:5c01fd846263a75bc8a2b9542606927cfad57e7282965d96b93c387622487485"},
    {file = "websockets-8.1-cp38-cp38-manylinux1_x86_64.whl", hash = "sha256:9bef37ee224e104a413f0780e29adb3e514a5b698aabe0d969a6ba426b8435d1"},
    {file = "websockets-8.1-cp38-cp38-manylinux2010_i686.whl", hash = "sha256:d705f8aeecdf3262379644e4b55107a3b55860eb812b673b28d0fbc347a60c55"},
    {file = "websockets-8.1-cp38-cp38-manylinux2010_x86_64.whl", hash = "sha256:c8a116feafdb1f84607cb3b14aa1418424ae71fee131642fc568d21423b51824"},
    {file = "websockets-8.1-cp38-cp38-win32.whl", hash = "sha256:e898a0863421650f0bebac8ba40840fc02258ef4714cb7e1fd76b6a6354bda36"},
    {file = "websockets-8.1-cp38-cp38-win_amd64.whl", hash = "sha256:f8a7bff6e8664afc4e6c28b983845c5bc14965030e3fb98789734d416af77c4b"},
    {file = "websockets-8.1.tar.gz", hash = "sha256:5c65d2da8c6bce0fca2528f69f44b2f977e06954c8512a952222cea50dad430f"},
]
win32-setctime = [
    {file = "win32_setctime-1.0.3-py3-none-any.whl", hash = "sha256:dc925662de0a6eb987f0b01f599c01a8236cb8c62831c22d9cada09ad958243e"},
    {file = "win32_setctime-1.0.3.tar.gz", hash = "sha256:4e88556c32fdf47f64165a2180ba4552f8bb32c1103a2fafd05723a0bd42bd4b"},
]
